// !$*UTF8*$!
{
	archiveVersion = 1;
	classes = {
	};
	objectVersion = 46;
	objects = {

/* Begin PBXBuildFile section */
		A71998401F5B1A45000C9CC4 /* main.cpp in Sources */ = {isa = PBXBuildFile; fileRef = A719983F1F5B1A45000C9CC4 /* main.cpp */; };
		A7AAF82F1F6F261600138F3F /* data6 in CopyFiles */ = {isa = PBXBuildFile; fileRef = A7AAF82E1F6F261600138F3F /* data6 */; };
		A7DA952D1F619F9200FEA3E6 /* data1 in CopyFiles */ = {isa = PBXBuildFile; fileRef = A7DA95281F619F9200FEA3E6 /* data1 */; };
		A7DA952E1F619F9200FEA3E6 /* data2 in CopyFiles */ = {isa = PBXBuildFile; fileRef = A7DA95291F619F9200FEA3E6 /* data2 */; };
		A7DA952F1F619F9200FEA3E6 /* data3 in CopyFiles */ = {isa = PBXBuildFile; fileRef = A7DA952A1F619F9200FEA3E6 /* data3 */; };
		A7DA95301F619F9200FEA3E6 /* data4 in CopyFiles */ = {isa = PBXBuildFile; fileRef = A7DA952B1F619F9200FEA3E6 /* data4 */; };
		A7DA95311F619F9200FEA3E6 /* data5 in CopyFiles */ = {isa = PBXBuildFile; fileRef = A7DA952C1F619F9200FEA3E6 /* data5 */; };
		A7DBDBF51F5B221500D8ABFF /* p1-data-space in CopyFiles */ = {isa = PBXBuildFile; fileRef = A7DBDBF31F5B221500D8ABFF /* p1-data-space */; };
		A7DBDBF61F5B221500D8ABFF /* p1-data in CopyFiles */ = {isa = PBXBuildFile; fileRef = A7DBDBF41F5B221500D8ABFF /* p1-data */; };
		A7DBDBF81F5B647800D8ABFF /* p2-data in CopyFiles */ = {isa = PBXBuildFile; fileRef = A7DBDBF71F5B647800D8ABFF /* p2-data */; };
/* End PBXBuildFile section */

/* Begin PBXCopyFilesBuildPhase section */
		A719983A1F5B1A45000C9CC4 /* CopyFiles */ = {
			isa = PBXCopyFilesBuildPhase;
			buildActionMask = 2147483647;
			dstPath = /usr/share/man/man1/;
			dstSubfolderSpec = 0;
			files = (
			);
			runOnlyForDeploymentPostprocessing = 1;
		};
		A719984A1F5B1BAF000C9CC4 /* CopyFiles */ = {
			isa = PBXCopyFilesBuildPhase;
			buildActionMask = 2147483647;
			dstPath = "";
			dstSubfolderSpec = 16;
			files = (
				A7AAF82F1F6F261600138F3F /* data6 in CopyFiles */,
				A7DA952D1F619F9200FEA3E6 /* data1 in CopyFiles */,
				A7DA952E1F619F9200FEA3E6 /* data2 in CopyFiles */,
				A7DA952F1F619F9200FEA3E6 /* data3 in CopyFiles */,
				A7DA95301F619F9200FEA3E6 /* data4 in CopyFiles */,
				A7DA95311F619F9200FEA3E6 /* data5 in CopyFiles */,
				A7DBDBF81F5B647800D8ABFF /* p2-data in CopyFiles */,
				A7DBDBF51F5B221500D8ABFF /* p1-data-space in CopyFiles */,
				A7DBDBF61F5B221500D8ABFF /* p1-data in CopyFiles */,
			);
			runOnlyForDeploymentPostprocessing = 0;
		};
		A7DBDBF21F5B21F100D8ABFF /* CopyFiles */ = {
			isa = PBXCopyFilesBuildPhase;
			buildActionMask = 2147483647;
			dstPath = "";
			dstSubfolderSpec = 7;
			files = (
			);
			runOnlyForDeploymentPostprocessing = 0;
		};
/* End PBXCopyFilesBuildPhase section */

/* Begin PBXFileReference section */
		A719983C1F5B1A45000C9CC4 /* Lab2 */ = {isa = PBXFileReference; explicitFileType = "compiled.mach-o.executable"; includeInIndex = 0; path = Lab2; sourceTree = BUILT_PRODUCTS_DIR; };
		A719983F1F5B1A45000C9CC4 /* main.cpp */ = {isa = PBXFileReference; lastKnownFileType = sourcecode.cpp.cpp; path = main.cpp; sourceTree = "<group>"; };
		A7AAF82E1F6F261600138F3F /* data6 */ = {isa = PBXFileReference; lastKnownFileType = text; name = data6; path = Lab2/data6; sourceTree = "<group>"; };
		A7DA95281F619F9200FEA3E6 /* data1 */ = {isa = PBXFileReference; lastKnownFileType = text; name = data1; path = Lab2/data1; sourceTree = "<group>"; };
		A7DA95291F619F9200FEA3E6 /* data2 */ = {isa = PBXFileReference; lastKnownFileType = text; name = data2; path = Lab2/data2; sourceTree = "<group>"; };
		A7DA952A1F619F9200FEA3E6 /* data3 */ = {isa = PBXFileReference; lastKnownFileType = text; name = data3; path = Lab2/data3; sourceTree = "<group>"; };
		A7DA952B1F619F9200FEA3E6 /* data4 */ = {isa = PBXFileReference; lastKnownFileType = text; name = data4; path = Lab2/data4; sourceTree = "<group>"; };
		A7DA952C1F619F9200FEA3E6 /* data5 */ = {isa = PBXFileReference; lastKnownFileType = text; name = data5; path = Lab2/data5; sourceTree = "<group>"; };
		A7DBDBF31F5B221500D8ABFF /* p1-data-space */ = {isa = PBXFileReference; lastKnownFileType = text; name = "p1-data-space"; path = "Lab2/p1-data-space"; sourceTree = "<group>"; };
		A7DBDBF41F5B221500D8ABFF /* p1-data */ = {isa = PBXFileReference; lastKnownFileType = text; name = "p1-data"; path = "Lab2/p1-data"; sourceTree = "<group>"; };
		A7DBDBF71F5B647800D8ABFF /* p2-data */ = {isa = PBXFileReference; lastKnownFileType = text; name = "p2-data"; path = "Lab2/p2-data"; sourceTree = "<group>"; };
/* End PBXFileReference section */

/* Begin PBXFrameworksBuildPhase section */
		A71998391F5B1A45000C9CC4 /* Frameworks */ = {
			isa = PBXFrameworksBuildPhase;
			buildActionMask = 2147483647;
			files = (
			);
			runOnlyForDeploymentPostprocessing = 0;
		};
/* End PBXFrameworksBuildPhase section */

/* Begin PBXGroup section */
		A71998331F5B1A45000C9CC4 = {
			isa = PBXGroup;
			children = (
				A7AAF82E1F6F261600138F3F /* data6 */,
				A7DA95281F619F9200FEA3E6 /* data1 */,
				A7DA95291F619F9200FEA3E6 /* data2 */,
				A7DA952A1F619F9200FEA3E6 /* data3 */,
				A7DA952B1F619F9200FEA3E6 /* data4 */,
				A7DA952C1F619F9200FEA3E6 /* data5 */,
				A7DBDBF71F5B647800D8ABFF /* p2-data */,
				A7DBDBF31F5B221500D8ABFF /* p1-data-space */,
				A7DBDBF41F5B221500D8ABFF /* p1-data */,
				A719983E1F5B1A45000C9CC4 /* Lab2 */,
				A719983D1F5B1A45000C9CC4 /* Products */,
			);
			sourceTree = "<group>";
		};
		A719983D1F5B1A45000C9CC4 /* Products */ = {
			isa = PBXGroup;
			children = (
				A719983C1F5B1A45000C9CC4 /* Lab2 */,
			);
			name = Products;
			sourceTree = "<group>";
		};
		A719983E1F5B1A45000C9CC4 /* Lab2 */ = {
			isa = PBXGroup;
			children = (
				A719983F1F5B1A45000C9CC4 /* main.cpp */,
			);
			path = Lab2;
			sourceTree = "<group>";
		};
/* End PBXGroup section */

/* Begin PBXNativeTarget section */
		A719983B1F5B1A45000C9CC4 /* Lab2 */ = {
			isa = PBXNativeTarget;
			buildConfigurationList = A71998431F5B1A45000C9CC4 /* Build configuration list for PBXNativeTarget "Lab2" */;
			buildPhases = (
				A71998381F5B1A45000C9CC4 /* Sources */,
				A71998391F5B1A45000C9CC4 /* Frameworks */,
				A719983A1F5B1A45000C9CC4 /* CopyFiles */,
				A719984A1F5B1BAF000C9CC4 /* CopyFiles */,
				A7DBDBF21F5B21F100D8ABFF /* CopyFiles */,
			);
			buildRules = (
			);
			dependencies = (
			);
			name = Lab2;
			productName = Lab2;
			productReference = A719983C1F5B1A45000C9CC4 /* Lab2 */;
			productType = "com.apple.product-type.tool";
		};
/* End PBXNativeTarget section */

/* Begin PBXProject section */
		A71998341F5B1A45000C9CC4 /* Project object */ = {
			isa = PBXProject;
			attributes = {
				KnownAssetTags = (
					New,
				);
				LastUpgradeCheck = 0830;
				ORGANIZATIONNAME = "Harkaran Brar";
				TargetAttributes = {
					A719983B1F5B1A45000C9CC4 = {
						CreatedOnToolsVersion = 8.3.3;
						ProvisioningStyle = Automatic;
					};
				};
			};
			buildConfigurationList = A71998371F5B1A45000C9CC4 /* Build configuration list for PBXProject "Lab2" */;
			compatibilityVersion = "Xcode 3.2";
			developmentRegion = English;
			hasScannedForEncodings = 0;
			knownRegions = (
				en,
			);
			mainGroup = A71998331F5B1A45000C9CC4;
			productRefGroup = A719983D1F5B1A45000C9CC4 /* Products */;
			projectDirPath = "";
			projectRoot = "";
			targets = (
				A719983B1F5B1A45000C9CC4 /* Lab2 */,
			);
		};
/* End PBXProject section */

/* Begin PBXSourcesBuildPhase section */
		A71998381F5B1A45000C9CC4 /* Sources */ = {
			isa = PBXSourcesBuildPhase;
			buildActionMask = 2147483647;
			files = (
				A71998401F5B1A45000C9CC4 /* main.cpp in Sources */,
			);
			runOnlyForDeploymentPostprocessing = 0;
		};
/* End PBXSourcesBuildPhase section */

/* Begin XCBuildConfiguration section */
		A71998411F5B1A45000C9CC4 /* Debug */ = {
			isa = XCBuildConfiguration;
			buildSettings = {
				ALWAYS_SEARCH_USER_PATHS = NO;
				CLANG_ANALYZER_NONNULL = YES;
				CLANG_ANALYZER_NUMBER_OBJECT_CONVERSION = YES_AGGRESSIVE;
				CLANG_CXX_LANGUAGE_STANDARD = "gnu++0x";
				CLANG_CXX_LIBRARY = "libc++";
				CLANG_ENABLE_MODULES = YES;
				CLANG_ENABLE_OBJC_ARC = YES;
				CLANG_WARN_BOOL_CONVERSION = YES;
				CLANG_WARN_CONSTANT_CONVERSION = YES;
				CLANG_WARN_DIRECT_OBJC_ISA_USAGE = YES_ERROR;
				CLANG_WARN_DOCUMENTATION_COMMENTS = YES;
				CLANG_WARN_EMPTY_BODY = YES;
				CLANG_WARN_ENUM_CONVERSION = YES;
				CLANG_WARN_INFINITE_RECURSION = YES;
				CLANG_WARN_INT_CONVERSION = YES;
				CLANG_WARN_OBJC_ROOT_CLASS = YES_ERROR;
				CLANG_WARN_SUSPICIOUS_MOVE = YES;
				CLANG_WARN_UNREACHABLE_CODE = YES;
				CLANG_WARN__DUPLICATE_METHOD_MATCH = YES;
				CODE_SIGN_IDENTITY = "-";
				COPY_PHASE_STRIP = NO;
				DEBUG_INFORMATION_FORMAT = dwarf;
				ENABLE_STRICT_OBJC_MSGSEND = YES;
				ENABLE_TESTABILITY = YES;
				GCC_C_LANGUAGE_STANDARD = gnu99;
				GCC_DYNAMIC_NO_PIC = NO;
				GCC_NO_COMMON_BLOCKS = YES;
				GCC_OPTIMIZATION_LEVEL = 0;
				GCC_PREPROCESSOR_DEFINITIONS = (
					"DEBUG=1",
					"$(inherited)",
				);
				GCC_WARN_64_TO_32_BIT_CONVERSION = YES;
				GCC_WARN_ABOUT_RETURN_TYPE = YES_ERROR;
				GCC_WARN_UNDECLARED_SELECTOR = YES;
				GCC_WARN_UNINITIALIZED_AUTOS = YES_AGGRESSIVE;
				GCC_WARN_UNUSED_FUNCTION = YES;
				GCC_WARN_UNUSED_VARIABLE = YES;
				MACOSX_DEPLOYMENT_TARGET = 10.12;
				MTL_ENABLE_DEBUG_INFO = YES;
				ONLY_ACTIVE_ARCH = YES;
				SDKROOT = macosx;
			};
			name = Debug;
		};
		A71998421F5B1A45000C9CC4 /* Release */ = {
			isa = XCBuildConfiguration;
			buildSettings = {
				ALWAYS_SEARCH_USER_PATHS = NO;
				CLANG_ANALYZER_NONNULL = YES;
				CLANG_ANALYZER_NUMBER_OBJECT_CONVERSION = YES_AGGRESSIVE;
				CLANG_CXX_LANGUAGE_STANDARD = "gnu++0x";
				CLANG_CXX_LIBRARY = "libc++";
				CLANG_ENABLE_MODULES = YES;
				CLANG_ENABLE_OBJC_ARC = YES;
				CLANG_WARN_BOOL_CONVERSION = YES;
				CLANG_WARN_CONSTANT_CONVERSION = YES;
				CLANG_WARN_DIRECT_OBJC_ISA_USAGE = YES_ERROR;
				CLANG_WARN_DOCUMENTATION_COMMENTS = YES;
				CLANG_WARN_EMPTY_BODY = YES;
				CLANG_WARN_ENUM_CONVERSION = YES;
				CLANG_WARN_INFINITE_RECURSION = YES;
				CLANG_WARN_INT_CONVERSION = YES;
				CLANG_WARN_OBJC_ROOT_CLASS = YES_ERROR;
				CLANG_WARN_SUSPICIOUS_MOVE = YES;
				CLANG_WARN_UNREACHABLE_CODE = YES;
				CLANG_WARN__DUPLICATE_METHOD_MATCH = YES;
				CODE_SIGN_IDENTITY = "-";
				COPY_PHASE_STRIP = NO;
				DEBUG_INFORMATION_FORMAT = "dwarf-with-dsym";
				ENABLE_NS_ASSERTIONS = NO;
				ENABLE_STRICT_OBJC_MSGSEND = YES;
				GCC_C_LANGUAGE_STANDARD = gnu99;
				GCC_NO_COMMON_BLOCKS = YES;
				GCC_WARN_64_TO_32_BIT_CONVERSION = YES;
				GCC_WARN_ABOUT_RETURN_TYPE = YES_ERROR;
				GCC_WARN_UNDECLARED_SELECTOR = YES;
				GCC_WARN_UNINITIALIZED_AUTOS = YES_AGGRESSIVE;
				GCC_WARN_UNUSED_FUNCTION = YES;
				GCC_WARN_UNUSED_VARIABLE = YES;
				MACOSX_DEPLOYMENT_TARGET = 10.12;
				MTL_ENABLE_DEBUG_INFO = NO;
				SDKROOT = macosx;
			};
			name = Release;
		};
		A71998441F5B1A45000C9CC4 /* Debug */ = {
			isa = XCBuildConfiguration;
			buildSettings = {
				PRODUCT_NAME = "$(TARGET_NAME)";
			};
			name = Debug;
		};
		A71998451F5B1A45000C9CC4 /* Release */ = {
			isa = XCBuildConfiguration;
			buildSettings = {
				PRODUCT_NAME = "$(TARGET_NAME)";
			};
			name = Release;
		};
/* End XCBuildConfiguration section */

/* Begin XCConfigurationList section */
		A71998371F5B1A45000C9CC4 /* Build configuration list for PBXProject "Lab2" */ = {
			isa = XCConfigurationList;
			buildConfigurations = (
				A71998411F5B1A45000C9CC4 /* Debug */,
				A71998421F5B1A45000C9CC4 /* Release */,
			);
			defaultConfigurationIsVisible = 0;
			defaultConfigurationName = Release;
		};
		A71998431F5B1A45000C9CC4 /* Build configuration list for PBXNativeTarget "Lab2" */ = {
			isa = XCConfigurationList;
			buildConfigurations = (
				A71998441F5B1A45000C9CC4 /* Debug */,
				A71998451F5B1A45000C9CC4 /* Release */,
			);
			defaultConfigurationIsVisible = 0;
			defaultConfigurationName = Release;
		};
/* End XCConfigurationList section */
	};
	rootObject = A71998341F5B1A45000C9CC4 /* Project object */;
}
